
Microsoft Visual Studio Solution File, Format Version 12.00
# Visual Studio Version 17
VisualStudioVersion = 17.13.35919.96 d17.13
MinimumVisualStudioVersion = 10.0.40219.1
Project("{FAE04EC0-301F-11D3-BF4B-00C04F79EFBC}") = "PrepIdeCenter", "PrepIdeCenter\PrepIdeCenter.csproj", "{4F5F6123-5127-4781-9263-AC17454CB612}"
EndProject
Global
	GlobalSection(SolutionConfigurationPlatforms) = preSolution
		Debug|Any CPU = Debug|Any CPU
		Release|Any CPU = Release|Any CPU
	EndGlobalSection
	GlobalSection(ProjectConfigurationPlatforms) = postSolution
		{4F5F6123-5127-4781-9263-AC17454CB612}.Debug|Any CPU.ActiveCfg = Debug|Any CPU
		{4F5F6123-5127-4781-9263-AC17454CB612}.Debug|Any CPU.Build.0 = Debug|Any CPU
		{4F5F6123-5127-4781-9263-AC17454CB612}.Release|Any CPU.ActiveCfg = Release|Any CPU
		{4F5F6123-5127-4781-9263-AC17454CB612}.Release|Any CPU.Build.0 = Release|Any CPU
	EndGlobalSection
	GlobalSection(SolutionProperties) = preSolution
		HideSolutionNode = FALSE
	EndGlobalSection
	GlobalSection(ExtensibilityGlobals) = postSolution
		SolutionGuid = {2865DA62-448B-494A-914D-DDF815C52940}
	EndGlobalSection
EndGlobal
